
Microsoft Visual Studio Solution File, Format Version 12.00
# Visual Studio Version 16
VisualStudioVersion = 16.0.30104.148
MinimumVisualStudioVersion = 10.0.40219.1
Project("{FAE04EC0-301F-11D3-BF4B-00C04F79EFBC}") = "Charter", "Charter\Charter.csproj", "{F6F364EC-A5A8-4133-924B-AF3378F59CFE}"
EndProject
Global
	GlobalSection(SolutionConfigurationPlatforms) = preSolution
		Debug|Any CPU = Debug|Any CPU
		Release|Any CPU = Release|Any CPU
	EndGlobalSection
	GlobalSection(ProjectConfigurationPlatforms) = postSolution
		{F6F364EC-A5A8-4133-924B-AF3378F59CFE}.Debug|Any CPU.ActiveCfg = Debug|Any CPU
		{F6F364EC-A5A8-4133-924B-AF3378F59CFE}.Debug|Any CPU.Build.0 = Debug|Any CPU
		{F6F364EC-A5A8-4133-924B-AF3378F59CFE}.Release|Any CPU.ActiveCfg = Release|Any CPU
		{F6F364EC-A5A8-4133-924B-AF3378F59CFE}.Release|Any CPU.Build.0 = Release|Any CPU
	EndGlobalSection
	GlobalSection(SolutionProperties) = preSolution
		HideSolutionNode = FALSE
	EndGlobalSection
	GlobalSection(ExtensibilityGlobals) = postSolution
		SolutionGuid = {21CB100F-EEF5-4D21-B17F-AAC9BABB1786}
	EndGlobalSection
EndGlobal
